// !$*UTF8*$!
{
	archiveVersion = 1;
	classes = {
	};
	objectVersion = 77;
	objects = {

/* Begin PBXBuildFile section */
		2A49DB9604F598F1E2BE68E6 /* SidebarTab.swift in Sources */ = {isa = PBXBuildFile; fileRef = 324FA9277D036FC15B100094 /* SidebarTab.swift */; };
		91D622EFC7C6427986F5F2DE /* nmcore in Frameworks */ = {isa = PBXBuildFile; productRef = 9261D578B7814737A019625F /* nmcore */; };
		9B097FC72F1DF0C10031B1B1 /* nmcore in Frameworks */ = {isa = PBXBuildFile; productRef = 9B097FC62F1DF0C10031B1B1 /* nmcore */; };
		9B6287702F1C966E00180E93 /* SidebarLayout.swift in Sources */ = {isa = PBXBuildFile; fileRef = 9B6287642F1C966E00180E93 /* SidebarLayout.swift */; };
		9B6287732F1C966E00180E93 /* HomeView.swift in Sources */ = {isa = PBXBuildFile; fileRef = 9B62876A2F1C966E00180E93 /* HomeView.swift */; };
		9B6287752F1C966E00180E93 /* NMViewModel.swift in Sources */ = {isa = PBXBuildFile; fileRef = 9B62876E2F1C966E00180E93 /* NMViewModel.swift */; };
		9B6287762F1C966E00180E93 /* Assets.xcassets in Resources */ = {isa = PBXBuildFile; fileRef = 9B6287692F1C966E00180E93 /* Assets.xcassets */; };
		9B62877B2F1C96DC00180E93 /* NM_ViewApp.swift in Sources */ = {isa = PBXBuildFile; fileRef = 9B6287792F1C96DC00180E93 /* NM_ViewApp.swift */; };
		9B6287C32F1CA14A00180E93 /* WindowAccessor.swift in Sources */ = {isa = PBXBuildFile; fileRef = 9B6287C22F1CA14A00180E93 /* WindowAccessor.swift */; };
		9B6287C92F1CA20800180E93 /* TextEditor in Frameworks */ = {isa = PBXBuildFile; productRef = 9B6287C82F1CA20800180E93 /* TextEditor */; };
		9B6287D82F1CAC7A00180E93 /* Workspace.swift in Sources */ = {isa = PBXBuildFile; fileRef = 9B6287D72F1CAC7300180E93 /* Workspace.swift */; };
		9B62883C2F1CBEC100180E93 /* AddView.swift in Sources */ = {isa = PBXBuildFile; fileRef = 9B62883B2F1CBEC000180E93 /* AddView.swift */; };
		9B62885C2F1CC2DE00180E93 /* Screens.swift in Sources */ = {isa = PBXBuildFile; fileRef = 9B62885B2F1CC2DB00180E93 /* Screens.swift */; };
		A3016D127D8243FFA1DD05BA /* WorkspaceView.swift in Sources */ = {isa = PBXBuildFile; fileRef = 80CFE74C78C94BA48F08351F /* WorkspaceView.swift */; };
		3C49645C44C74353A62BDA4D /* WorkspaceEmptyStateView.swift in Sources */ = {isa = PBXBuildFile; fileRef = 155B68905301481389A8E6F0 /* WorkspaceEmptyStateView.swift */; };
		1B2E89780EA6472B879CCFB0 /* WorkspaceToolbarViews.swift in Sources */ = {isa = PBXBuildFile; fileRef = 2CA320A30CA04B5D82711B34 /* WorkspaceToolbarViews.swift */; };
		9B6288B72F1D4B9A00180E93 /* CircularProgressStyle.swift in Sources */ = {isa = PBXBuildFile; fileRef = 9B6288B62F1D4B9900180E93 /* CircularProgressStyle.swift */; };
		9B6289E52F1DBCD900180E93 /* SidebarTabContainer.swift in Sources */ = {isa = PBXBuildFile; fileRef = 9B6289E42F1DBCD900180E93 /* SidebarTabContainer.swift */; };
		9B6289EA2F1DBCF500180E93 /* SidebarSearchPanelView.swift in Sources */ = {isa = PBXBuildFile; fileRef = 9B6289E72F1DBCF500180E93 /* SidebarSearchPanelView.swift */; };
		9B6289EB2F1DBCF500180E93 /* SidebarWorkspaceTabView.swift in Sources */ = {isa = PBXBuildFile; fileRef = 9B6289E82F1DBCF500180E93 /* SidebarWorkspaceTabView.swift */; };
		9B6289FC2F1DCE6E00180E93 /* SidebarSymbolView.swift in Sources */ = {isa = PBXBuildFile; fileRef = 9B6289FB2F1DCE6D00180E93 /* SidebarSymbolView.swift */; };
		9B628A012F1DCFA100180E93 /* Symbols.swift in Sources */ = {isa = PBXBuildFile; fileRef = 9B628A002F1DCF9F00180E93 /* Symbols.swift */; };
		9B68ECED2F1EBD2A009567DF /* NMViewModel+NM.swift in Sources */ = {isa = PBXBuildFile; fileRef = 9B68ECEC2F1EBD27009567DF /* NMViewModel+NM.swift */; };
		B5B6B489A0D34339929635D1 /* NMTextView.swift in Sources */ = {isa = PBXBuildFile; fileRef = 83CEA54099D440598BE1BDB8 /* NMTextView.swift */; };
/* End PBXBuildFile section */

/* Begin PBXFileReference section */
		324FA9277D036FC15B100094 /* SidebarTab.swift */ = {isa = PBXFileReference; lastKnownFileType = sourcecode.swift; path = SidebarTab.swift; sourceTree = "<group>"; };
		83CEA54099D440598BE1BDB8 /* NMTextView.swift */ = {isa = PBXFileReference; lastKnownFileType = sourcecode.swift; path = NMTextView.swift; sourceTree = "<group>"; };
		9B6287642F1C966E00180E93 /* SidebarLayout.swift */ = {isa = PBXFileReference; lastKnownFileType = sourcecode.swift; path = SidebarLayout.swift; sourceTree = "<group>"; };
		9B6287692F1C966E00180E93 /* Assets.xcassets */ = {isa = PBXFileReference; lastKnownFileType = folder.assetcatalog; path = Assets.xcassets; sourceTree = "<group>"; };
		9B62876A2F1C966E00180E93 /* HomeView.swift */ = {isa = PBXFileReference; lastKnownFileType = sourcecode.swift; path = HomeView.swift; sourceTree = "<group>"; };
		9B62876B2F1C966E00180E93 /* NM_View.entitlements */ = {isa = PBXFileReference; lastKnownFileType = text.plist.entitlements; path = NM_View.entitlements; sourceTree = "<group>"; };
		9B62876E2F1C966E00180E93 /* NMViewModel.swift */ = {isa = PBXFileReference; lastKnownFileType = sourcecode.swift; path = NMViewModel.swift; sourceTree = "<group>"; };
		9B6287792F1C96DC00180E93 /* NM_ViewApp.swift */ = {isa = PBXFileReference; lastKnownFileType = sourcecode.swift; path = NM_ViewApp.swift; sourceTree = "<group>"; };
		9B6287C22F1CA14A00180E93 /* WindowAccessor.swift */ = {isa = PBXFileReference; lastKnownFileType = sourcecode.swift; path = WindowAccessor.swift; sourceTree = "<group>"; };
		9B6287D72F1CAC7300180E93 /* Workspace.swift */ = {isa = PBXFileReference; lastKnownFileType = sourcecode.swift; path = Workspace.swift; sourceTree = "<group>"; };
		9B62883B2F1CBEC000180E93 /* AddView.swift */ = {isa = PBXFileReference; lastKnownFileType = sourcecode.swift; path = AddView.swift; sourceTree = "<group>"; };
		9B62885B2F1CC2DB00180E93 /* Screens.swift */ = {isa = PBXFileReference; lastKnownFileType = sourcecode.swift; path = Screens.swift; sourceTree = "<group>"; };
		80CFE74C78C94BA48F08351F /* WorkspaceView.swift */ = {isa = PBXFileReference; lastKnownFileType = sourcecode.swift; path = WorkspaceView.swift; sourceTree = "<group>"; };
		155B68905301481389A8E6F0 /* WorkspaceEmptyStateView.swift */ = {isa = PBXFileReference; lastKnownFileType = sourcecode.swift; path = WorkspaceEmptyStateView.swift; sourceTree = "<group>"; };
		2CA320A30CA04B5D82711B34 /* WorkspaceToolbarViews.swift */ = {isa = PBXFileReference; lastKnownFileType = sourcecode.swift; path = WorkspaceToolbarViews.swift; sourceTree = "<group>"; };
		9B6288B62F1D4B9900180E93 /* CircularProgressStyle.swift */ = {isa = PBXFileReference; lastKnownFileType = sourcecode.swift; path = CircularProgressStyle.swift; sourceTree = "<group>"; };
		9B6289E42F1DBCD900180E93 /* SidebarTabContainer.swift */ = {isa = PBXFileReference; lastKnownFileType = sourcecode.swift; path = SidebarTabContainer.swift; sourceTree = "<group>"; };
		9B6289E72F1DBCF500180E93 /* SidebarSearchPanelView.swift */ = {isa = PBXFileReference; lastKnownFileType = sourcecode.swift; path = SidebarSearchPanelView.swift; sourceTree = "<group>"; };
		9B6289E82F1DBCF500180E93 /* SidebarWorkspaceTabView.swift */ = {isa = PBXFileReference; lastKnownFileType = sourcecode.swift; path = SidebarWorkspaceTabView.swift; sourceTree = "<group>"; };
		9B6289FB2F1DCE6D00180E93 /* SidebarSymbolView.swift */ = {isa = PBXFileReference; lastKnownFileType = sourcecode.swift; path = SidebarSymbolView.swift; sourceTree = "<group>"; };
		9B628A002F1DCF9F00180E93 /* Symbols.swift */ = {isa = PBXFileReference; lastKnownFileType = sourcecode.swift; path = Symbols.swift; sourceTree = "<group>"; };
		9B68ECEC2F1EBD27009567DF /* NMViewModel+NM.swift */ = {isa = PBXFileReference; lastKnownFileType = sourcecode.swift; path = "NMViewModel+NM.swift"; sourceTree = "<group>"; };
		9BAF4D282F1C5F41006536D2 /* NM_View.app */ = {isa = PBXFileReference; explicitFileType = wrapper.application; includeInIndex = 0; path = NM_View.app; sourceTree = BUILT_PRODUCTS_DIR; };
/* End PBXFileReference section */

/* Begin PBXFrameworksBuildPhase section */
		9BAF4D252F1C5F41006536D2 /* Frameworks */ = {
			isa = PBXFrameworksBuildPhase;
			buildActionMask = 2147483647;
			files = (
				91D622EFC7C6427986F5F2DE /* nmcore in Frameworks */,
				9B6287C92F1CA20800180E93 /* TextEditor in Frameworks */,
				9B097FC72F1DF0C10031B1B1 /* nmcore in Frameworks */,
			);
			runOnlyForDeploymentPostprocessing = 0;
		};
/* End PBXFrameworksBuildPhase section */

/* Begin PBXGroup section */
		9B6287652F1C966E00180E93 /* Components */ = {
			isa = PBXGroup;
			children = (
				9B6289E42F1DBCD900180E93 /* SidebarTabContainer.swift */,
				9B6288B62F1D4B9900180E93 /* CircularProgressStyle.swift */,
				9B6287C22F1CA14A00180E93 /* WindowAccessor.swift */,
				83CEA54099D440598BE1BDB8 /* NMTextView.swift */,
				9B6287642F1C966E00180E93 /* SidebarLayout.swift */,
			);
			path = Components;
			sourceTree = "<group>";
		};
		F7F513C9A8084752A008441E /* Workspace */ = {
			isa = PBXGroup;
			children = (
				80CFE74C78C94BA48F08351F /* WorkspaceView.swift */,
				155B68905301481389A8E6F0 /* WorkspaceEmptyStateView.swift */,
				2CA320A30CA04B5D82711B34 /* WorkspaceToolbarViews.swift */,
			);
			path = Workspace;
			sourceTree = "<group>";
		};
		9B6287682F1C966E00180E93 /* View */ = {
			isa = PBXGroup;
			children = (
				9B62877C2F1C96E300180E93 /* ViewModel */,
				9B6289E92F1DBCF500180E93 /* Sidebar */,
				9B6287652F1C966E00180E93 /* Components */,
				F7F513C9A8084752A008441E /* Workspace */,
				9B62883B2F1CBEC000180E93 /* AddView.swift */,
				9B62876A2F1C966E00180E93 /* HomeView.swift */,
			);
			path = View;
			sourceTree = "<group>";
		};
		9B62876F2F1C966E00180E93 /* NM_View */ = {
			isa = PBXGroup;
			children = (
				9B62877A2F1C96DC00180E93 /* App */,
				9B6287D62F1CAC6C00180E93 /* Models */,
				9B6287682F1C966E00180E93 /* View */,
				9B62876B2F1C966E00180E93 /* NM_View.entitlements */,
				9B6287692F1C966E00180E93 /* Assets.xcassets */,
			);
			path = NM_View;
			sourceTree = "<group>";
		};
		9B62877A2F1C96DC00180E93 /* App */ = {
			isa = PBXGroup;
			children = (
				9B6287792F1C96DC00180E93 /* NM_ViewApp.swift */,
			);
			path = App;
			sourceTree = "<group>";
		};
		9B62877C2F1C96E300180E93 /* ViewModel */ = {
			isa = PBXGroup;
			children = (
				9B68ECEC2F1EBD27009567DF /* NMViewModel+NM.swift */,
				9B62876E2F1C966E00180E93 /* NMViewModel.swift */,
			);
			path = ViewModel;
			sourceTree = "<group>";
		};
		9B6287D62F1CAC6C00180E93 /* Models */ = {
			isa = PBXGroup;
			children = (
				9B628A002F1DCF9F00180E93 /* Symbols.swift */,
				9B62885B2F1CC2DB00180E93 /* Screens.swift */,
				324FA9277D036FC15B100094 /* SidebarTab.swift */,
				9B6287D72F1CAC7300180E93 /* Workspace.swift */,
			);
			path = Models;
			sourceTree = "<group>";
		};
		9B6289E92F1DBCF500180E93 /* Sidebar */ = {
			isa = PBXGroup;
			children = (
				9B6289FB2F1DCE6D00180E93 /* SidebarSymbolView.swift */,
				9B6289E72F1DBCF500180E93 /* SidebarSearchPanelView.swift */,
				9B6289E82F1DBCF500180E93 /* SidebarWorkspaceTabView.swift */,
			);
			path = Sidebar;
			sourceTree = "<group>";
		};
		9BAF4D1F2F1C5F41006536D2 = {
			isa = PBXGroup;
			children = (
				9B62876F2F1C966E00180E93 /* NM_View */,
				9BAF4D292F1C5F41006536D2 /* Products */,
			);
			sourceTree = "<group>";
		};
		9BAF4D292F1C5F41006536D2 /* Products */ = {
			isa = PBXGroup;
			children = (
				9BAF4D282F1C5F41006536D2 /* NM_View.app */,
			);
			name = Products;
			sourceTree = "<group>";
		};
/* End PBXGroup section */

/* Begin PBXNativeTarget section */
		9BAF4D272F1C5F41006536D2 /* NM_View */ = {
			isa = PBXNativeTarget;
			buildConfigurationList = 9BAF4D332F1C5F42006536D2 /* Build configuration list for PBXNativeTarget "NM_View" */;
			buildPhases = (
				9BAF4D242F1C5F41006536D2 /* Sources */,
				9BAF4D252F1C5F41006536D2 /* Frameworks */,
				9BAF4D262F1C5F41006536D2 /* Resources */,
			);
			buildRules = (
			);
			dependencies = (
			);
			name = NM_View;
			packageProductDependencies = (
				9261D578B7814737A019625F /* nmcore */,
				9B6287C82F1CA20800180E93 /* TextEditor */,
				9B097FC62F1DF0C10031B1B1 /* nmcore */,
			);
			productName = NM_View;
			productReference = 9BAF4D282F1C5F41006536D2 /* NM_View.app */;
			productType = "com.apple.product-type.application";
		};
/* End PBXNativeTarget section */

/* Begin PBXProject section */
		9BAF4D202F1C5F41006536D2 /* Project object */ = {
			isa = PBXProject;
			attributes = {
				BuildIndependentTargetsInParallel = 1;
				LastSwiftUpdateCheck = 2600;
				LastUpgradeCheck = 2600;
				TargetAttributes = {
					9BAF4D272F1C5F41006536D2 = {
						CreatedOnToolsVersion = 26.0;
					};
				};
			};
			buildConfigurationList = 9BAF4D232F1C5F41006536D2 /* Build configuration list for PBXProject "NM_View" */;
			developmentRegion = en;
			hasScannedForEncodings = 0;
			knownRegions = (
				en,
				Base,
			);
			mainGroup = 9BAF4D1F2F1C5F41006536D2;
			minimizedProjectReferenceProxies = 1;
			packageReferences = (
				9B6287C72F1CA20800180E93 /* XCLocalSwiftPackageReference "TextEditor" */,
				9B097FC52F1DF0C10031B1B1 /* XCLocalSwiftPackageReference "../nmcore" */,
			);
			preferredProjectObjectVersion = 77;
			productRefGroup = 9BAF4D292F1C5F41006536D2 /* Products */;
			projectDirPath = "";
			projectRoot = "";
			targets = (
				9BAF4D272F1C5F41006536D2 /* NM_View */,
			);
		};
/* End PBXProject section */

/* Begin PBXResourcesBuildPhase section */
		9BAF4D262F1C5F41006536D2 /* Resources */ = {
			isa = PBXResourcesBuildPhase;
			buildActionMask = 2147483647;
			files = (
				9B6287762F1C966E00180E93 /* Assets.xcassets in Resources */,
			);
			runOnlyForDeploymentPostprocessing = 0;
		};
/* End PBXResourcesBuildPhase section */

/* Begin PBXSourcesBuildPhase section */
		9BAF4D242F1C5F41006536D2 /* Sources */ = {
			isa = PBXSourcesBuildPhase;
			buildActionMask = 2147483647;
			files = (
				A3016D127D8243FFA1DD05BA /* WorkspaceView.swift in Sources */,
				3C49645C44C74353A62BDA4D /* WorkspaceEmptyStateView.swift in Sources */,
				1B2E89780EA6472B879CCFB0 /* WorkspaceToolbarViews.swift in Sources */,
				B5B6B489A0D34339929635D1 /* NMTextView.swift in Sources */,
				9B6287702F1C966E00180E93 /* SidebarLayout.swift in Sources */,
				9B62883C2F1CBEC100180E93 /* AddView.swift in Sources */,
				9B6289EA2F1DBCF500180E93 /* SidebarSearchPanelView.swift in Sources */,
				9B6289EB2F1DBCF500180E93 /* SidebarWorkspaceTabView.swift in Sources */,
				9B6287C32F1CA14A00180E93 /* WindowAccessor.swift in Sources */,
				9B6288B72F1D4B9A00180E93 /* CircularProgressStyle.swift in Sources */,
				9B6289E52F1DBCD900180E93 /* SidebarTabContainer.swift in Sources */,
				9B62877B2F1C96DC00180E93 /* NM_ViewApp.swift in Sources */,
				9B6287D82F1CAC7A00180E93 /* Workspace.swift in Sources */,
				9B6287732F1C966E00180E93 /* HomeView.swift in Sources */,
				9B68ECED2F1EBD2A009567DF /* NMViewModel+NM.swift in Sources */,
				9B6287752F1C966E00180E93 /* NMViewModel.swift in Sources */,
				2A49DB9604F598F1E2BE68E6 /* SidebarTab.swift in Sources */,
				9B62885C2F1CC2DE00180E93 /* Screens.swift in Sources */,
				9B6289FC2F1DCE6E00180E93 /* SidebarSymbolView.swift in Sources */,
				9B628A012F1DCFA100180E93 /* Symbols.swift in Sources */,
			);
			runOnlyForDeploymentPostprocessing = 0;
		};
/* End PBXSourcesBuildPhase section */

/* Begin XCBuildConfiguration section */
		9BAF4D312F1C5F42006536D2 /* Debug */ = {
			isa = XCBuildConfiguration;
			buildSettings = {
				ALWAYS_SEARCH_USER_PATHS = NO;
				ASSETCATALOG_COMPILER_GENERATE_SWIFT_ASSET_SYMBOL_EXTENSIONS = YES;
				CLANG_ANALYZER_NONNULL = YES;
				CLANG_ANALYZER_NUMBER_OBJECT_CONVERSION = YES_AGGRESSIVE;
				CLANG_CXX_LANGUAGE_STANDARD = "gnu++20";
				CLANG_ENABLE_MODULES = YES;
				CLANG_ENABLE_OBJC_ARC = YES;
				CLANG_ENABLE_OBJC_WEAK = YES;
				CLANG_WARN_BLOCK_CAPTURE_AUTORELEASING = YES;
				CLANG_WARN_BOOL_CONVERSION = YES;
				CLANG_WARN_COMMA = YES;
				CLANG_WARN_CONSTANT_CONVERSION = YES;
				CLANG_WARN_DEPRECATED_OBJC_IMPLEMENTATIONS = YES;
				CLANG_WARN_DIRECT_OBJC_ISA_USAGE = YES_ERROR;
				CLANG_WARN_DOCUMENTATION_COMMENTS = YES;
				CLANG_WARN_EMPTY_BODY = YES;
				CLANG_WARN_ENUM_CONVERSION = YES;
				CLANG_WARN_INFINITE_RECURSION = YES;
				CLANG_WARN_INT_CONVERSION = YES;
				CLANG_WARN_NON_LITERAL_NULL_CONVERSION = YES;
				CLANG_WARN_OBJC_IMPLICIT_RETAIN_SELF = YES;
				CLANG_WARN_OBJC_LITERAL_CONVERSION = YES;
				CLANG_WARN_OBJC_ROOT_CLASS = YES_ERROR;
				CLANG_WARN_QUOTED_INCLUDE_IN_FRAMEWORK_HEADER = YES;
				CLANG_WARN_RANGE_LOOP_ANALYSIS = YES;
				CLANG_WARN_STRICT_PROTOTYPES = YES;
				CLANG_WARN_SUSPICIOUS_MOVE = YES;
				CLANG_WARN_UNGUARDED_AVAILABILITY = YES_AGGRESSIVE;
				CLANG_WARN_UNREACHABLE_CODE = YES;
				CLANG_WARN__DUPLICATE_METHOD_MATCH = YES;
				COPY_PHASE_STRIP = NO;
				DEBUG_INFORMATION_FORMAT = dwarf;
				DEVELOPMENT_TEAM = B9P888266K;
				ENABLE_STRICT_OBJC_MSGSEND = YES;
				ENABLE_TESTABILITY = YES;
				ENABLE_USER_SCRIPT_SANDBOXING = YES;
				GCC_C_LANGUAGE_STANDARD = gnu17;
				GCC_DYNAMIC_NO_PIC = NO;
				GCC_NO_COMMON_BLOCKS = YES;
				GCC_OPTIMIZATION_LEVEL = 0;
				GCC_PREPROCESSOR_DEFINITIONS = (
					"DEBUG=1",
					"$(inherited)",
				);
				GCC_WARN_64_TO_32_BIT_CONVERSION = YES;
				GCC_WARN_ABOUT_RETURN_TYPE = YES_ERROR;
				GCC_WARN_UNDECLARED_SELECTOR = YES;
				GCC_WARN_UNINITIALIZED_AUTOS = YES_AGGRESSIVE;
				GCC_WARN_UNUSED_FUNCTION = YES;
				GCC_WARN_UNUSED_VARIABLE = YES;
				LOCALIZATION_PREFERS_STRING_CATALOGS = YES;
				MACOSX_DEPLOYMENT_TARGET = 26.0;
				MTL_ENABLE_DEBUG_INFO = INCLUDE_SOURCE;
				MTL_FAST_MATH = YES;
				ONLY_ACTIVE_ARCH = YES;
				SDKROOT = macosx;
				SWIFT_ACTIVE_COMPILATION_CONDITIONS = "DEBUG $(inherited)";
				SWIFT_OPTIMIZATION_LEVEL = "-Onone";
			};
			name = Debug;
		};
		9BAF4D322F1C5F42006536D2 /* Release */ = {
			isa = XCBuildConfiguration;
			buildSettings = {
				ALWAYS_SEARCH_USER_PATHS = NO;
				ASSETCATALOG_COMPILER_GENERATE_SWIFT_ASSET_SYMBOL_EXTENSIONS = YES;
				CLANG_ANALYZER_NONNULL = YES;
				CLANG_ANALYZER_NUMBER_OBJECT_CONVERSION = YES_AGGRESSIVE;
				CLANG_CXX_LANGUAGE_STANDARD = "gnu++20";
				CLANG_ENABLE_MODULES = YES;
				CLANG_ENABLE_OBJC_ARC = YES;
				CLANG_ENABLE_OBJC_WEAK = YES;
				CLANG_WARN_BLOCK_CAPTURE_AUTORELEASING = YES;
				CLANG_WARN_BOOL_CONVERSION = YES;
				CLANG_WARN_COMMA = YES;
				CLANG_WARN_CONSTANT_CONVERSION = YES;
				CLANG_WARN_DEPRECATED_OBJC_IMPLEMENTATIONS = YES;
				CLANG_WARN_DIRECT_OBJC_ISA_USAGE = YES_ERROR;
				CLANG_WARN_DOCUMENTATION_COMMENTS = YES;
				CLANG_WARN_EMPTY_BODY = YES;
				CLANG_WARN_ENUM_CONVERSION = YES;
				CLANG_WARN_INFINITE_RECURSION = YES;
				CLANG_WARN_INT_CONVERSION = YES;
				CLANG_WARN_NON_LITERAL_NULL_CONVERSION = YES;
				CLANG_WARN_OBJC_IMPLICIT_RETAIN_SELF = YES;
				CLANG_WARN_OBJC_LITERAL_CONVERSION = YES;
				CLANG_WARN_OBJC_ROOT_CLASS = YES_ERROR;
				CLANG_WARN_QUOTED_INCLUDE_IN_FRAMEWORK_HEADER = YES;
				CLANG_WARN_RANGE_LOOP_ANALYSIS = YES;
				CLANG_WARN_STRICT_PROTOTYPES = YES;
				CLANG_WARN_SUSPICIOUS_MOVE = YES;
				CLANG_WARN_UNGUARDED_AVAILABILITY = YES_AGGRESSIVE;
				CLANG_WARN_UNREACHABLE_CODE = YES;
				CLANG_WARN__DUPLICATE_METHOD_MATCH = YES;
				COPY_PHASE_STRIP = NO;
				DEBUG_INFORMATION_FORMAT = "dwarf-with-dsym";
				DEVELOPMENT_TEAM = B9P888266K;
				ENABLE_NS_ASSERTIONS = NO;
				ENABLE_STRICT_OBJC_MSGSEND = YES;
				ENABLE_USER_SCRIPT_SANDBOXING = YES;
				GCC_C_LANGUAGE_STANDARD = gnu17;
				GCC_NO_COMMON_BLOCKS = YES;
				GCC_WARN_64_TO_32_BIT_CONVERSION = YES;
				GCC_WARN_ABOUT_RETURN_TYPE = YES_ERROR;
				GCC_WARN_UNDECLARED_SELECTOR = YES;
				GCC_WARN_UNINITIALIZED_AUTOS = YES_AGGRESSIVE;
				GCC_WARN_UNUSED_FUNCTION = YES;
				GCC_WARN_UNUSED_VARIABLE = YES;
				LOCALIZATION_PREFERS_STRING_CATALOGS = YES;
				MACOSX_DEPLOYMENT_TARGET = 26.0;
				MTL_ENABLE_DEBUG_INFO = NO;
				MTL_FAST_MATH = YES;
				SDKROOT = macosx;
				SWIFT_COMPILATION_MODE = wholemodule;
			};
			name = Release;
		};
		9BAF4D342F1C5F42006536D2 /* Debug */ = {
			isa = XCBuildConfiguration;
			buildSettings = {
				ASSETCATALOG_COMPILER_APPICON_NAME = AppIcon;
				ASSETCATALOG_COMPILER_GLOBAL_ACCENT_COLOR_NAME = AccentColor;
				AUTOMATION_APPLE_EVENTS = NO;
				CODE_SIGN_ENTITLEMENTS = "$(SRCROOT)/NM_View/NM_View.entitlements";
				CODE_SIGN_STYLE = Automatic;
				COMBINE_HIDPI_IMAGES = YES;
				CURRENT_PROJECT_VERSION = 1;
				DEVELOPMENT_TEAM = B9P888266K;
				ENABLE_APP_SANDBOX = NO;
				ENABLE_HARDENED_RUNTIME = NO;
				ENABLE_PREVIEWS = YES;
				ENABLE_RESOURCE_ACCESS_AUDIO_INPUT = NO;
				ENABLE_RESOURCE_ACCESS_CALENDARS = NO;
				ENABLE_RESOURCE_ACCESS_CAMERA = NO;
				ENABLE_RESOURCE_ACCESS_CONTACTS = NO;
				ENABLE_RESOURCE_ACCESS_LOCATION = NO;
				ENABLE_RESOURCE_ACCESS_PHOTO_LIBRARY = NO;
				ENABLE_USER_SCRIPT_SANDBOXING = NO;
				GENERATE_INFOPLIST_FILE = YES;
				INFOPLIST_KEY_NSHumanReadableCopyright = "";
				LD_RUNPATH_SEARCH_PATHS = (
					"$(inherited)",
					"@executable_path/../Frameworks",
				);
				MARKETING_VERSION = 1.0;
				PRODUCT_BUNDLE_IDENTIFIER = "com.aryanrogye.NM-View";
				PRODUCT_NAME = "$(TARGET_NAME)";
				REGISTER_APP_GROUPS = YES;
				RUNTIME_EXCEPTION_ALLOW_DYLD_ENVIRONMENT_VARIABLES = NO;
				RUNTIME_EXCEPTION_ALLOW_JIT = NO;
				RUNTIME_EXCEPTION_ALLOW_UNSIGNED_EXECUTABLE_MEMORY = NO;
				RUNTIME_EXCEPTION_DEBUGGING_TOOL = NO;
				RUNTIME_EXCEPTION_DISABLE_EXECUTABLE_PAGE_PROTECTION = NO;
				RUNTIME_EXCEPTION_DISABLE_LIBRARY_VALIDATION = NO;
				STRING_CATALOG_GENERATE_SYMBOLS = YES;
				SWIFT_APPROACHABLE_CONCURRENCY = YES;
				SWIFT_DEFAULT_ACTOR_ISOLATION = MainActor;
				SWIFT_EMIT_LOC_STRINGS = YES;
				SWIFT_UPCOMING_FEATURE_MEMBER_IMPORT_VISIBILITY = YES;
				SWIFT_VERSION = 5.0;
			};
			name = Debug;
		};
		9BAF4D352F1C5F42006536D2 /* Release */ = {
			isa = XCBuildConfiguration;
			buildSettings = {
				ASSETCATALOG_COMPILER_APPICON_NAME = AppIcon;
				ASSETCATALOG_COMPILER_GLOBAL_ACCENT_COLOR_NAME = AccentColor;
				AUTOMATION_APPLE_EVENTS = NO;
				CODE_SIGN_ENTITLEMENTS = "$(SRCROOT)/NM_View/NM_View.entitlements";
				CODE_SIGN_STYLE = Automatic;
				COMBINE_HIDPI_IMAGES = YES;
				CURRENT_PROJECT_VERSION = 1;
				DEVELOPMENT_TEAM = B9P888266K;
				ENABLE_APP_SANDBOX = NO;
				ENABLE_HARDENED_RUNTIME = NO;
				ENABLE_PREVIEWS = YES;
				ENABLE_RESOURCE_ACCESS_AUDIO_INPUT = NO;
				ENABLE_RESOURCE_ACCESS_CALENDARS = NO;
				ENABLE_RESOURCE_ACCESS_CAMERA = NO;
				ENABLE_RESOURCE_ACCESS_CONTACTS = NO;
				ENABLE_RESOURCE_ACCESS_LOCATION = NO;
				ENABLE_RESOURCE_ACCESS_PHOTO_LIBRARY = NO;
				ENABLE_USER_SCRIPT_SANDBOXING = NO;
				GENERATE_INFOPLIST_FILE = YES;
				INFOPLIST_KEY_NSHumanReadableCopyright = "";
				LD_RUNPATH_SEARCH_PATHS = (
					"$(inherited)",
					"@executable_path/../Frameworks",
				);
				MARKETING_VERSION = 1.0;
				PRODUCT_BUNDLE_IDENTIFIER = "com.aryanrogye.NM-View";
				PRODUCT_NAME = "$(TARGET_NAME)";
				REGISTER_APP_GROUPS = YES;
				RUNTIME_EXCEPTION_ALLOW_DYLD_ENVIRONMENT_VARIABLES = NO;
				RUNTIME_EXCEPTION_ALLOW_JIT = NO;
				RUNTIME_EXCEPTION_ALLOW_UNSIGNED_EXECUTABLE_MEMORY = NO;
				RUNTIME_EXCEPTION_DEBUGGING_TOOL = NO;
				RUNTIME_EXCEPTION_DISABLE_EXECUTABLE_PAGE_PROTECTION = NO;
				RUNTIME_EXCEPTION_DISABLE_LIBRARY_VALIDATION = NO;
				STRING_CATALOG_GENERATE_SYMBOLS = YES;
				SWIFT_APPROACHABLE_CONCURRENCY = YES;
				SWIFT_DEFAULT_ACTOR_ISOLATION = MainActor;
				SWIFT_EMIT_LOC_STRINGS = YES;
				SWIFT_UPCOMING_FEATURE_MEMBER_IMPORT_VISIBILITY = YES;
				SWIFT_VERSION = 5.0;
			};
			name = Release;
		};
/* End XCBuildConfiguration section */

/* Begin XCConfigurationList section */
		9BAF4D232F1C5F41006536D2 /* Build configuration list for PBXProject "NM_View" */ = {
			isa = XCConfigurationList;
			buildConfigurations = (
				9BAF4D312F1C5F42006536D2 /* Debug */,
				9BAF4D322F1C5F42006536D2 /* Release */,
			);
			defaultConfigurationIsVisible = 0;
			defaultConfigurationName = Release;
		};
		9BAF4D332F1C5F42006536D2 /* Build configuration list for PBXNativeTarget "NM_View" */ = {
			isa = XCConfigurationList;
			buildConfigurations = (
				9BAF4D342F1C5F42006536D2 /* Debug */,
				9BAF4D352F1C5F42006536D2 /* Release */,
			);
			defaultConfigurationIsVisible = 0;
			defaultConfigurationName = Release;
		};
/* End XCConfigurationList section */

/* Begin XCLocalSwiftPackageReference section */
		9B097FC52F1DF0C10031B1B1 /* XCLocalSwiftPackageReference "../nmcore" */ = {
			isa = XCLocalSwiftPackageReference;
			relativePath = ../nmcore;
		};
		9B6287C72F1CA20800180E93 /* XCLocalSwiftPackageReference "TextEditor" */ = {
			isa = XCLocalSwiftPackageReference;
			relativePath = TextEditor;
		};
/* End XCLocalSwiftPackageReference section */

/* Begin XCSwiftPackageProductDependency section */
		9261D578B7814737A019625F /* nmcore */ = {
			isa = XCSwiftPackageProductDependency;
			productName = nmcore;
		};
		9B097FC62F1DF0C10031B1B1 /* nmcore */ = {
			isa = XCSwiftPackageProductDependency;
			productName = nmcore;
		};
		9B6287C82F1CA20800180E93 /* TextEditor */ = {
			isa = XCSwiftPackageProductDependency;
			productName = TextEditor;
		};
/* End XCSwiftPackageProductDependency section */
	};
	rootObject = 9BAF4D202F1C5F41006536D2 /* Project object */;
}
